
Microsoft Visual Studio Solution File, Format Version 12.00
# Visual Studio Version 17
VisualStudioVersion = 17.14.36109.1
MinimumVisualStudioVersion = 10.0.40219.1
Project("{FAE04EC0-301F-11D3-BF4B-00C04F79EFBC}") = "KSPLocalizer", "KSPLocalizer\KSPLocalizer.csproj", "{D9BD3C57-1126-49CA-80B4-4E06B9298EDB}"
EndProject
Project("{2150E333-8FDC-42A3-9474-1A3956D46DE8}") = "Solution Items", "Solution Items", "{8EC462FD-D22E-90A8-E5CE-7E832BA40C5D}"
	ProjectSection(SolutionItems) = preProject
		ChangeLog = ChangeLog
		Docs\Instructions.docx = Docs\Instructions.docx
		License.md = License.md
		localization.ini = localization.ini
		localizer.cmd = localizer.cmd
		localizer.sh = localizer.sh
		README.md = README.md
		release.cmd = release.cmd
		version.txt = version.txt
	EndProjectSection
EndProject
Global
	GlobalSection(SolutionConfigurationPlatforms) = preSolution
		Debug|Any CPU = Debug|Any CPU
		Release|Any CPU = Release|Any CPU
	EndGlobalSection
	GlobalSection(ProjectConfigurationPlatforms) = postSolution
		{D9BD3C57-1126-49CA-80B4-4E06B9298EDB}.Debug|Any CPU.ActiveCfg = Debug|Any CPU
		{D9BD3C57-1126-49CA-80B4-4E06B9298EDB}.Debug|Any CPU.Build.0 = Debug|Any CPU
		{D9BD3C57-1126-49CA-80B4-4E06B9298EDB}.Release|Any CPU.ActiveCfg = Release|Any CPU
		{D9BD3C57-1126-49CA-80B4-4E06B9298EDB}.Release|Any CPU.Build.0 = Release|Any CPU
	EndGlobalSection
	GlobalSection(SolutionProperties) = preSolution
		HideSolutionNode = FALSE
	EndGlobalSection
	GlobalSection(ExtensibilityGlobals) = postSolution
		SolutionGuid = {C17F2696-4F9B-4E4B-A3EA-77EDBD2D4656}
	EndGlobalSection
EndGlobal
